// !$*UTF8*$!
{
	archiveVersion = 1;
	classes = {
	};
	objectVersion = 46;
	objects = {

/* Begin PBXBuildFile section */
		222B9E0B1D89C10D0049346D /* ProfileController.swift in Sources */ = {isa = PBXBuildFile; fileRef = 222B9E0A1D89C10D0049346D /* ProfileController.swift */; };
		222B9E0D1D89C1570049346D /* BookingController.swift in Sources */ = {isa = PBXBuildFile; fileRef = 222B9E0C1D89C1570049346D /* BookingController.swift */; };
		222B9E0F1D89C16D0049346D /* DayCareController.swift in Sources */ = {isa = PBXBuildFile; fileRef = 222B9E0E1D89C16D0049346D /* DayCareController.swift */; };
		70C1570B1D87204A0036B24E /* AppDelegate.swift in Sources */ = {isa = PBXBuildFile; fileRef = 70C1570A1D87204A0036B24E /* AppDelegate.swift */; };
		70C1570D1D87204A0036B24E /* FirstViewController.swift in Sources */ = {isa = PBXBuildFile; fileRef = 70C1570C1D87204A0036B24E /* FirstViewController.swift */; };
		70C1570F1D87204A0036B24E /* SecondViewController.swift in Sources */ = {isa = PBXBuildFile; fileRef = 70C1570E1D87204A0036B24E /* SecondViewController.swift */; };
		70C157121D87204A0036B24E /* Main.storyboard in Resources */ = {isa = PBXBuildFile; fileRef = 70C157101D87204A0036B24E /* Main.storyboard */; };
		70C157141D87204A0036B24E /* Assets.xcassets in Resources */ = {isa = PBXBuildFile; fileRef = 70C157131D87204A0036B24E /* Assets.xcassets */; };
		70C157171D87204A0036B24E /* LaunchScreen.storyboard in Resources */ = {isa = PBXBuildFile; fileRef = 70C157151D87204A0036B24E /* LaunchScreen.storyboard */; };
		70C1571F1D87337A0036B24E /* MainTabBar.swift in Sources */ = {isa = PBXBuildFile; fileRef = 70C1571E1D87337A0036B24E /* MainTabBar.swift */; };
/* End PBXBuildFile section */

/* Begin PBXFileReference section */
		222B9E0A1D89C10D0049346D /* ProfileController.swift */ = {isa = PBXFileReference; fileEncoding = 4; lastKnownFileType = sourcecode.swift; path = ProfileController.swift; sourceTree = "<group>"; };
		222B9E0C1D89C1570049346D /* BookingController.swift */ = {isa = PBXFileReference; fileEncoding = 4; lastKnownFileType = sourcecode.swift; path = BookingController.swift; sourceTree = "<group>"; };
		222B9E0E1D89C16D0049346D /* DayCareController.swift */ = {isa = PBXFileReference; fileEncoding = 4; lastKnownFileType = sourcecode.swift; path = DayCareController.swift; sourceTree = "<group>"; };
		70C157071D87204A0036B24E /* DayCare+.app */ = {isa = PBXFileReference; explicitFileType = wrapper.application; includeInIndex = 0; path = "DayCare+.app"; sourceTree = BUILT_PRODUCTS_DIR; };
		70C1570A1D87204A0036B24E /* AppDelegate.swift */ = {isa = PBXFileReference; lastKnownFileType = sourcecode.swift; path = AppDelegate.swift; sourceTree = "<group>"; };
		70C1570C1D87204A0036B24E /* FirstViewController.swift */ = {isa = PBXFileReference; lastKnownFileType = sourcecode.swift; path = FirstViewController.swift; sourceTree = "<group>"; };
		70C1570E1D87204A0036B24E /* SecondViewController.swift */ = {isa = PBXFileReference; lastKnownFileType = sourcecode.swift; path = SecondViewController.swift; sourceTree = "<group>"; };
		70C157111D87204A0036B24E /* Base */ = {isa = PBXFileReference; lastKnownFileType = file.storyboard; name = Base; path = Base.lproj/Main.storyboard; sourceTree = "<group>"; };
		70C157131D87204A0036B24E /* Assets.xcassets */ = {isa = PBXFileReference; lastKnownFileType = folder.assetcatalog; path = Assets.xcassets; sourceTree = "<group>"; };
		70C157161D87204A0036B24E /* Base */ = {isa = PBXFileReference; lastKnownFileType = file.storyboard; name = Base; path = Base.lproj/LaunchScreen.storyboard; sourceTree = "<group>"; };
		70C157181D87204A0036B24E /* Info.plist */ = {isa = PBXFileReference; lastKnownFileType = text.plist.xml; path = Info.plist; sourceTree = "<group>"; };
		70C1571E1D87337A0036B24E /* MainTabBar.swift */ = {isa = PBXFileReference; fileEncoding = 4; lastKnownFileType = sourcecode.swift; path = MainTabBar.swift; sourceTree = "<group>"; };
/* End PBXFileReference section */

/* Begin PBXFrameworksBuildPhase section */
		70C157041D87204A0036B24E /* Frameworks */ = {
			isa = PBXFrameworksBuildPhase;
			buildActionMask = 2147483647;
			files = (
			);
			runOnlyForDeploymentPostprocessing = 0;
		};
/* End PBXFrameworksBuildPhase section */

/* Begin PBXGroup section */
		70C156FE1D87204A0036B24E = {
			isa = PBXGroup;
			children = (
				70C157091D87204A0036B24E /* DayCare+ */,
				70C157081D87204A0036B24E /* Products */,
			);
			sourceTree = "<group>";
		};
		70C157081D87204A0036B24E /* Products */ = {
			isa = PBXGroup;
			children = (
				70C157071D87204A0036B24E /* DayCare+.app */,
			);
			name = Products;
			sourceTree = "<group>";
		};
		70C157091D87204A0036B24E /* DayCare+ */ = {
			isa = PBXGroup;
			children = (
				70C1570A1D87204A0036B24E /* AppDelegate.swift */,
				70C1570C1D87204A0036B24E /* FirstViewController.swift */,
				70C1571E1D87337A0036B24E /* MainTabBar.swift */,
				222B9E0A1D89C10D0049346D /* ProfileController.swift */,
				70C1570E1D87204A0036B24E /* SecondViewController.swift */,
				70C157101D87204A0036B24E /* Main.storyboard */,
				222B9E0C1D89C1570049346D /* BookingController.swift */,
				222B9E0E1D89C16D0049346D /* DayCareController.swift */,
				70C157131D87204A0036B24E /* Assets.xcassets */,
				70C157151D87204A0036B24E /* LaunchScreen.storyboard */,
				70C157181D87204A0036B24E /* Info.plist */,
			);
			path = "DayCare+";
			sourceTree = "<group>";
		};
/* End PBXGroup section */

/* Begin PBXNativeTarget section */
		70C157061D87204A0036B24E /* DayCare+ */ = {
			isa = PBXNativeTarget;
			buildConfigurationList = 70C1571B1D87204A0036B24E /* Build configuration list for PBXNativeTarget "DayCare+" */;
			buildPhases = (
				70C157031D87204A0036B24E /* Sources */,
				70C157041D87204A0036B24E /* Frameworks */,
				70C157051D87204A0036B24E /* Resources */,
			);
			buildRules = (
			);
			dependencies = (
			);
			name = "DayCare+";
			productName = "DayCare+";
			productReference = 70C157071D87204A0036B24E /* DayCare+.app */;
			productType = "com.apple.product-type.application";
		};
/* End PBXNativeTarget section */

/* Begin PBXProject section */
		70C156FF1D87204A0036B24E /* Project object */ = {
			isa = PBXProject;
			attributes = {
				LastSwiftUpdateCheck = 0730;
				LastUpgradeCheck = 0800;
				ORGANIZATIONNAME = Balantech;
				TargetAttributes = {
					70C157061D87204A0036B24E = {
						CreatedOnToolsVersion = 7.3.1;
						DevelopmentTeam = 4CKCZ46HC6;
						LastSwiftMigration = 0800;
					};
				};
			};
			buildConfigurationList = 70C157021D87204A0036B24E /* Build configuration list for PBXProject "DayCare+" */;
			compatibilityVersion = "Xcode 3.2";
			developmentRegion = English;
			hasScannedForEncodings = 0;
			knownRegions = (
				en,
				Base,
			);
			mainGroup = 70C156FE1D87204A0036B24E;
			productRefGroup = 70C157081D87204A0036B24E /* Products */;
			projectDirPath = "";
			projectRoot = "";
			targets = (
				70C157061D87204A0036B24E /* DayCare+ */,
			);
		};
/* End PBXProject section */

/* Begin PBXResourcesBuildPhase section */
		70C157051D87204A0036B24E /* Resources */ = {
			isa = PBXResourcesBuildPhase;
			buildActionMask = 2147483647;
			files = (
				70C157171D87204A0036B24E /* LaunchScreen.storyboard in Resources */,
				70C157141D87204A0036B24E /* Assets.xcassets in Resources */,
				70C157121D87204A0036B24E /* Main.storyboard in Resources */,
			);
			runOnlyForDeploymentPostprocessing = 0;
		};
/* End PBXResourcesBuildPhase section */

/* Begin PBXSourcesBuildPhase section */
		70C157031D87204A0036B24E /* Sources */ = {
			isa = PBXSourcesBuildPhase;
			buildActionMask = 2147483647;
			files = (
				70C1571F1D87337A0036B24E /* MainTabBar.swift in Sources */,
				222B9E0D1D89C1570049346D /* BookingController.swift in Sources */,
				70C1570F1D87204A0036B24E /* SecondViewController.swift in Sources */,
				222B9E0B1D89C10D0049346D /* ProfileController.swift in Sources */,
				70C1570B1D87204A0036B24E /* AppDelegate.swift in Sources */,
				70C1570D1D87204A0036B24E /* FirstViewController.swift in Sources */,
				222B9E0F1D89C16D0049346D /* DayCareController.swift in Sources */,
			);
			runOnlyForDeploymentPostprocessing = 0;
		};
/* End PBXSourcesBuildPhase section */

/* Begin PBXVariantGroup section */
		70C157101D87204A0036B24E /* Main.storyboard */ = {
			isa = PBXVariantGroup;
			children = (
				70C157111D87204A0036B24E /* Base */,
			);
			name = Main.storyboard;
			sourceTree = "<group>";
		};
		70C157151D87204A0036B24E /* LaunchScreen.storyboard */ = {
			isa = PBXVariantGroup;
			children = (
				70C157161D87204A0036B24E /* Base */,
			);
			name = LaunchScreen.storyboard;
			sourceTree = "<group>";
		};
/* End PBXVariantGroup section */

/* Begin XCBuildConfiguration section */
		70C157191D87204A0036B24E /* Debug */ = {
			isa = XCBuildConfiguration;
			buildSettings = {
				ALWAYS_SEARCH_USER_PATHS = NO;
				CLANG_ANALYZER_NONNULL = YES;
				CLANG_CXX_LANGUAGE_STANDARD = "gnu++0x";
				CLANG_CXX_LIBRARY = "libc++";
				CLANG_ENABLE_MODULES = YES;
				CLANG_ENABLE_OBJC_ARC = YES;
				CLANG_WARN_BOOL_CONVERSION = YES;
				CLANG_WARN_CONSTANT_CONVERSION = YES;
				CLANG_WARN_DIRECT_OBJC_ISA_USAGE = YES_ERROR;
				CLANG_WARN_EMPTY_BODY = YES;
				CLANG_WARN_ENUM_CONVERSION = YES;
				CLANG_WARN_INFINITE_RECURSION = YES;
				CLANG_WARN_INT_CONVERSION = YES;
				CLANG_WARN_OBJC_ROOT_CLASS = YES_ERROR;
				CLANG_WARN_SUSPICIOUS_MOVE = YES;
				CLANG_WARN_UNREACHABLE_CODE = YES;
				CLANG_WARN__DUPLICATE_METHOD_MATCH = YES;
				"CODE_SIGN_IDENTITY[sdk=iphoneos*]" = "iPhone Developer";
				COPY_PHASE_STRIP = NO;
				DEBUG_INFORMATION_FORMAT = dwarf;
				ENABLE_STRICT_OBJC_MSGSEND = YES;
				ENABLE_TESTABILITY = YES;
				GCC_C_LANGUAGE_STANDARD = gnu99;
				GCC_DYNAMIC_NO_PIC = NO;
				GCC_NO_COMMON_BLOCKS = YES;
				GCC_OPTIMIZATION_LEVEL = 0;
				GCC_PREPROCESSOR_DEFINITIONS = (
					"DEBUG=1",
					"$(inherited)",
				);
				GCC_WARN_64_TO_32_BIT_CONVERSION = YES;
				GCC_WARN_ABOUT_RETURN_TYPE = YES_ERROR;
				GCC_WARN_UNDECLARED_SELECTOR = YES;
				GCC_WARN_UNINITIALIZED_AUTOS = YES_AGGRESSIVE;
				GCC_WARN_UNUSED_FUNCTION = YES;
				GCC_WARN_UNUSED_VARIABLE = YES;
				IPHONEOS_DEPLOYMENT_TARGET = 10.0;
				MTL_ENABLE_DEBUG_INFO = YES;
				ONLY_ACTIVE_ARCH = YES;
				SDKROOT = iphoneos;
				SWIFT_OPTIMIZATION_LEVEL = "-Onone";
				TARGETED_DEVICE_FAMILY = "1,2";
			};
			name = Debug;
		};
		70C1571A1D87204A0036B24E /* Release */ = {
			isa = XCBuildConfiguration;
			buildSettings = {
				ALWAYS_SEARCH_USER_PATHS = NO;
				CLANG_ANALYZER_NONNULL = YES;
				CLANG_CXX_LANGUAGE_STANDARD = "gnu++0x";
				CLANG_CXX_LIBRARY = "libc++";
				CLANG_ENABLE_MODULES = YES;
				CLANG_ENABLE_OBJC_ARC = YES;
				CLANG_WARN_BOOL_CONVERSION = YES;
				CLANG_WARN_CONSTANT_CONVERSION = YES;
				CLANG_WARN_DIRECT_OBJC_ISA_USAGE = YES_ERROR;
				CLANG_WARN_EMPTY_BODY = YES;
				CLANG_WARN_ENUM_CONVERSION = YES;
				CLANG_WARN_INFINITE_RECURSION = YES;
				CLANG_WARN_INT_CONVERSION = YES;
				CLANG_WARN_OBJC_ROOT_CLASS = YES_ERROR;
				CLANG_WARN_SUSPICIOUS_MOVE = YES;
				CLANG_WARN_UNREACHABLE_CODE = YES;
				CLANG_WARN__DUPLICATE_METHOD_MATCH = YES;
				"CODE_SIGN_IDENTITY[sdk=iphoneos*]" = "iPhone Developer";
				COPY_PHASE_STRIP = NO;
				DEBUG_INFORMATION_FORMAT = "dwarf-with-dsym";
				ENABLE_NS_ASSERTIONS = NO;
				ENABLE_STRICT_OBJC_MSGSEND = YES;
				GCC_C_LANGUAGE_STANDARD = gnu99;
				GCC_NO_COMMON_BLOCKS = YES;
				GCC_WARN_64_TO_32_BIT_CONVERSION = YES;
				GCC_WARN_ABOUT_RETURN_TYPE = YES_ERROR;
				GCC_WARN_UNDECLARED_SELECTOR = YES;
				GCC_WARN_UNINITIALIZED_AUTOS = YES_AGGRESSIVE;
				GCC_WARN_UNUSED_FUNCTION = YES;
				GCC_WARN_UNUSED_VARIABLE = YES;
				IPHONEOS_DEPLOYMENT_TARGET = 10.0;
				MTL_ENABLE_DEBUG_INFO = NO;
				SDKROOT = iphoneos;
				SWIFT_OPTIMIZATION_LEVEL = "-Owholemodule";
				TARGETED_DEVICE_FAMILY = "1,2";
				VALIDATE_PRODUCT = YES;
			};
			name = Release;
		};
		70C1571C1D87204A0036B24E /* Debug */ = {
			isa = XCBuildConfiguration;
			buildSettings = {
				ASSETCATALOG_COMPILER_APPICON_NAME = AppIcon;
				CODE_SIGN_IDENTITY = "iPhone Developer";
				INFOPLIST_FILE = "DayCare+/Info.plist";
				IPHONEOS_DEPLOYMENT_TARGET = 10.0;
				LD_RUNPATH_SEARCH_PATHS = "$(inherited) @executable_path/Frameworks";
				PRODUCT_BUNDLE_IDENTIFIER = "OS-X.DayCare-";
				PRODUCT_NAME = "$(TARGET_NAME)";
				SWIFT_VERSION = 3.0;
			};
			name = Debug;
		};
		70C1571D1D87204A0036B24E /* Release */ = {
			isa = XCBuildConfiguration;
			buildSettings = {
				ASSETCATALOG_COMPILER_APPICON_NAME = AppIcon;
				CODE_SIGN_IDENTITY = "iPhone Developer";
				INFOPLIST_FILE = "DayCare+/Info.plist";
				IPHONEOS_DEPLOYMENT_TARGET = 10.0;
				LD_RUNPATH_SEARCH_PATHS = "$(inherited) @executable_path/Frameworks";
				PRODUCT_BUNDLE_IDENTIFIER = "OS-X.DayCare-";
				PRODUCT_NAME = "$(TARGET_NAME)";
				SWIFT_VERSION = 3.0;
			};
			name = Release;
		};
/* End XCBuildConfiguration section */

/* Begin XCConfigurationList section */
		70C157021D87204A0036B24E /* Build configuration list for PBXProject "DayCare+" */ = {
			isa = XCConfigurationList;
			buildConfigurations = (
				70C157191D87204A0036B24E /* Debug */,
				70C1571A1D87204A0036B24E /* Release */,
			);
			defaultConfigurationIsVisible = 0;
			defaultConfigurationName = Release;
		};
		70C1571B1D87204A0036B24E /* Build configuration list for PBXNativeTarget "DayCare+" */ = {
			isa = XCConfigurationList;
			buildConfigurations = (
				70C1571C1D87204A0036B24E /* Debug */,
				70C1571D1D87204A0036B24E /* Release */,
			);
			defaultConfigurationIsVisible = 0;
			defaultConfigurationName = Release;
		};
/* End XCConfigurationList section */
	};
	rootObject = 70C156FF1D87204A0036B24E /* Project object */;
}
